Microsoft Visual Studio Solution File, Format Version 12.00
# Visual Studio Version 17
VisualStudioVersion = 17.5.2.0
MinimumVisualStudioVersion = 10.0.40219.1
Project("{FAE04EC0-301F-11D3-BF4B-00C04F79EFBC}") = "backend", "backend\backend.csproj", "{5098F5B4-9017-93B9-C3D1-67B581A3021C}"
EndProject
Project("{FAE04EC0-301F-11D3-BF4B-00C04F79EFBC}") = "Backend.Tests", "backend.tests\Backend.Tests.csproj", "{86B842B2-5255-4048-AF67-4165B7528C83}"
EndProject
Global
	GlobalSection(SolutionConfigurationPlatforms) = preSolution
		Debug|Any CPU = Debug|Any CPU
		Release|Any CPU = Release|Any CPU
	EndGlobalSection
	GlobalSection(ProjectConfigurationPlatforms) = postSolution
		{5098F5B4-9017-93B9-C3D1-67B581A3021C}.Debug|Any CPU.ActiveCfg = Debug|Any CPU
		{5098F5B4-9017-93B9-C3D1-67B581A3021C}.Debug|Any CPU.Build.0 = Debug|Any CPU
		{5098F5B4-9017-93B9-C3D1-67B581A3021C}.Release|Any CPU.ActiveCfg = Release|Any CPU
		{5098F5B4-9017-93B9-C3D1-67B581A3021C}.Release|Any CPU.Build.0 = Release|Any CPU
		{86B842B2-5255-4048-AF67-4165B7528C83}.Debug|Any CPU.ActiveCfg = Debug|Any CPU
		{86B842B2-5255-4048-AF67-4165B7528C83}.Debug|Any CPU.Build.0 = Debug|Any CPU
		{86B842B2-5255-4048-AF67-4165B7528C83}.Release|Any CPU.ActiveCfg = Release|Any CPU
		{86B842B2-5255-4048-AF67-4165B7528C83}.Release|Any CPU.Build.0 = Release|Any CPU
	EndGlobalSection
	GlobalSection(SolutionProperties) = preSolution
		HideSolutionNode = FALSE
	EndGlobalSection
	GlobalSection(ExtensibilityGlobals) = postSolution
		SolutionGuid = {E3112DAB-B3CB-4CEE-B808-C8A765BDC2A7}
	EndGlobalSection
EndGlobal
